
Microsoft Visual Studio Solution File, Format Version 12.00
# Visual Studio Version 17
VisualStudioVersion = 17.4.33213.308
MinimumVisualStudioVersion = 10.0.40219.1
Project("{2150E333-8FDC-42A3-9474-1A3956D46DE8}") = "Solution Items", "Solution Items", "{67AC1F7F-9F18-4CAD-A621-4215B4472CB0}"
	ProjectSection(SolutionItems) = preProject
		.gitignore = .gitignore
		README.md = README.md
	EndProjectSection
EndProject
Project("{2150E333-8FDC-42A3-9474-1A3956D46DE8}") = "1. FizzBuzz", "1. FizzBuzz", "{73899D27-9808-45AC-96D0-5161C2005CD1}"
	ProjectSection(SolutionItems) = preProject
		1.FizzBuzz\README.md = 1.FizzBuzz\README.md
	EndProjectSection
EndProject
Project("{2150E333-8FDC-42A3-9474-1A3956D46DE8}") = "2. StringCalculator", "2. StringCalculator", "{B307D489-14C1-4849-A220-90DD8CDEE800}"
	ProjectSection(SolutionItems) = preProject
		2.StringCalculator\README.md = 2.StringCalculator\README.md
	EndProjectSection
EndProject
Project("{9A19103F-16F7-4668-BE54-9A1E7A4F7556}") = "FizzBuzz", "1.FizzBuzz\FizzBuzz\FizzBuzz.csproj", "{CE46363E-7793-43DD-80DE-1308A714FE58}"
EndProject
Project("{9A19103F-16F7-4668-BE54-9A1E7A4F7556}") = "FizzBuzz.Tests", "1.FizzBuzz\FizzBuzz.Tests\FizzBuzz.Tests.csproj", "{262DF21E-DC19-47B6-9B7D-3F86279DE9A9}"
EndProject
Project("{2150E333-8FDC-42A3-9474-1A3956D46DE8}") = "3. RomanNumerals", "3. RomanNumerals", "{75DCA5FB-0EDD-4225-AE11-91E2A8143B03}"
	ProjectSection(SolutionItems) = preProject
		3.RomanNumerals\README.md = 3.RomanNumerals\README.md
	EndProjectSection
EndProject
Project("{2150E333-8FDC-42A3-9474-1A3956D46DE8}") = "4. BowlingGame", "4. BowlingGame", "{DEF6FE2B-FAB7-4D2B-92AA-865763576D91}"
	ProjectSection(SolutionItems) = preProject
		4.BowlingGame\README.md = 4.BowlingGame\README.md
	EndProjectSection
EndProject
Project("{9A19103F-16F7-4668-BE54-9A1E7A4F7556}") = "StringCalculator", "2.StringCalculator\StringCalculator\StringCalculator.csproj", "{EEA8C468-2401-441F-83AF-333B5CE95E89}"
EndProject
Project("{9A19103F-16F7-4668-BE54-9A1E7A4F7556}") = "StringCalculator.Tests", "2.StringCalculator\StringCalculatorTests\StringCalculator.Tests.csproj", "{5212DF32-4814-4D65-B8C1-23D64C983A8A}"
EndProject
Global
	GlobalSection(SolutionConfigurationPlatforms) = preSolution
		Debug|Any CPU = Debug|Any CPU
		Release|Any CPU = Release|Any CPU
	EndGlobalSection
	GlobalSection(ProjectConfigurationPlatforms) = postSolution
		{CE46363E-7793-43DD-80DE-1308A714FE58}.Debug|Any CPU.ActiveCfg = Debug|Any CPU
		{CE46363E-7793-43DD-80DE-1308A714FE58}.Debug|Any CPU.Build.0 = Debug|Any CPU
		{CE46363E-7793-43DD-80DE-1308A714FE58}.Release|Any CPU.ActiveCfg = Release|Any CPU
		{CE46363E-7793-43DD-80DE-1308A714FE58}.Release|Any CPU.Build.0 = Release|Any CPU
		{262DF21E-DC19-47B6-9B7D-3F86279DE9A9}.Debug|Any CPU.ActiveCfg = Debug|Any CPU
		{262DF21E-DC19-47B6-9B7D-3F86279DE9A9}.Debug|Any CPU.Build.0 = Debug|Any CPU
		{262DF21E-DC19-47B6-9B7D-3F86279DE9A9}.Release|Any CPU.ActiveCfg = Release|Any CPU
		{262DF21E-DC19-47B6-9B7D-3F86279DE9A9}.Release|Any CPU.Build.0 = Release|Any CPU
		{EEA8C468-2401-441F-83AF-333B5CE95E89}.Debug|Any CPU.ActiveCfg = Debug|Any CPU
		{EEA8C468-2401-441F-83AF-333B5CE95E89}.Debug|Any CPU.Build.0 = Debug|Any CPU
		{EEA8C468-2401-441F-83AF-333B5CE95E89}.Release|Any CPU.ActiveCfg = Release|Any CPU
		{EEA8C468-2401-441F-83AF-333B5CE95E89}.Release|Any CPU.Build.0 = Release|Any CPU
		{5212DF32-4814-4D65-B8C1-23D64C983A8A}.Debug|Any CPU.ActiveCfg = Debug|Any CPU
		{5212DF32-4814-4D65-B8C1-23D64C983A8A}.Debug|Any CPU.Build.0 = Debug|Any CPU
		{5212DF32-4814-4D65-B8C1-23D64C983A8A}.Release|Any CPU.ActiveCfg = Release|Any CPU
		{5212DF32-4814-4D65-B8C1-23D64C983A8A}.Release|Any CPU.Build.0 = Release|Any CPU
	EndGlobalSection
	GlobalSection(SolutionProperties) = preSolution
		HideSolutionNode = FALSE
	EndGlobalSection
	GlobalSection(NestedProjects) = preSolution
		{CE46363E-7793-43DD-80DE-1308A714FE58} = {73899D27-9808-45AC-96D0-5161C2005CD1}
		{262DF21E-DC19-47B6-9B7D-3F86279DE9A9} = {73899D27-9808-45AC-96D0-5161C2005CD1}
		{EEA8C468-2401-441F-83AF-333B5CE95E89} = {B307D489-14C1-4849-A220-90DD8CDEE800}
		{5212DF32-4814-4D65-B8C1-23D64C983A8A} = {B307D489-14C1-4849-A220-90DD8CDEE800}
	EndGlobalSection
	GlobalSection(ExtensibilityGlobals) = postSolution
		SolutionGuid = {29E34E9B-5A5D-4669-B59C-A85ED03DC523}
	EndGlobalSection
EndGlobal
